
Microsoft Visual Studio Solution File, Format Version 12.00
# Visual Studio Version 17
VisualStudioVersion = 17.5.002.0
MinimumVisualStudioVersion = 10.0.40219.1
Project("{2150E333-8FDC-42A3-9474-1A3956D46DE8}") = "src", "src", "{EF197265-89C6-4008-B5F4-1D1C839176DF}"
EndProject
Project("{2150E333-8FDC-42A3-9474-1A3956D46DE8}") = "FunctionFilters", "FunctionFilters", "{31EA3CDC-F2EE-4F45-BF6C-C23FE8F503B0}"
EndProject
Project("{9A19103F-16F7-4668-BE54-9A1E7A4F7556}") = "SKHelpers.FunctionFilters.Logging", "src\FunctionFilters\Logging\SKHelpers.FunctionFilters.Logging.csproj", "{F5FE7DBC-6C40-4340-82EC-4172F07CAC38}"
EndProject
Project("{2150E333-8FDC-42A3-9474-1A3956D46DE8}") = "Plugins", "Plugins", "{BA4566AF-EEAE-49A5-BEB5-C69AC65DAE36}"
EndProject
Project("{2150E333-8FDC-42A3-9474-1A3956D46DE8}") = "Core", "Core", "{E9228325-E11C-43A6-913B-601972D54937}"
EndProject
Project("{9A19103F-16F7-4668-BE54-9A1E7A4F7556}") = "SKHelpers.Plugins.Regex", "src\Plugins\Core\Regex\SKHelpers.Plugins.Regex.csproj", "{35025DE6-9A53-42EE-AC5D-58417663F838}"
EndProject
Project("{9A19103F-16F7-4668-BE54-9A1E7A4F7556}") = "SKHelpers.Plugins.FileProvider", "src\Plugins\Core\FileProvider\SKHelpers.Plugins.FileProvider.csproj", "{0381796A-8658-411B-9BC2-7CB4F3DCDDF3}"
EndProject
Project("{9A19103F-16F7-4668-BE54-9A1E7A4F7556}") = "SKHelpers.Plugins.Cryptography", "src\Plugins\Core\Cryptography\SKHelpers.Plugins.Cryptography.csproj", "{7E63D5CB-74C5-4D39-B80B-86F549D36DF3}"
EndProject
Project("{9A19103F-16F7-4668-BE54-9A1E7A4F7556}") = "SKHelpers.Plugins.Humanizer", "src\Plugins\Core\Humanizer\SKHelpers.Plugins.Humanizer.csproj", "{7A99BC93-1BE5-4EBD-8167-ACCDB45161E3}"
EndProject
Project("{9A19103F-16F7-4668-BE54-9A1E7A4F7556}") = "SkHelpers.Plugins.RulesEngine", "src\Plugins\Core\RulesEngine\SkHelpers.Plugins.RulesEngine.csproj", "{9F038F5C-19F1-48FF-AB34-1CDD8685CE7E}"
EndProject
Project("{9A19103F-16F7-4668-BE54-9A1E7A4F7556}") = "SKHelpers.Plugins.Caching", "src\Plugins\Core\Caching\SKHelpers.Plugins.Caching.csproj", "{E9B8F21D-4982-4A1E-9115-B2BC0C6CBCF1}"
EndProject
Project("{9A19103F-16F7-4668-BE54-9A1E7A4F7556}") = "SKHelpers.Plugins.StateMachine", "src\Plugins\Core\StateMachine\SKHelpers.Plugins.StateMachine.csproj", "{CD9CA173-75B6-4F2D-8D90-2ED2AB750553}"
EndProject
Project("{9A19103F-16F7-4668-BE54-9A1E7A4F7556}") = "SKHelpers.Plugins.Logging", "src\Plugins\Core\Logging\SKHelpers.Plugins.Logging.csproj", "{134667E5-A970-4521-85DC-86E2CA12C695}"
EndProject
Project("{9A19103F-16F7-4668-BE54-9A1E7A4F7556}") = "SKHelpers.Plugins.CLI", "src\Plugins\Core\CLI\SKHelpers.Plugins.CLI.csproj", "{CE848819-CD82-467A-92EA-1F3A3C457C5F}"
EndProject
Project("{2150E333-8FDC-42A3-9474-1A3956D46DE8}") = "Data", "Data", "{0D465FC6-AAC4-4A3C-AC27-F0C9348D306B}"
EndProject
Project("{9A19103F-16F7-4668-BE54-9A1E7A4F7556}") = "SKHelpers.Plugins.EntityFrameworkCore", "src\Plugins\Data\EntityFrameworkCore\SKHelpers.Plugins.EntityFrameworkCore.csproj", "{7FF6E855-2F27-46F4-8043-E77F2A7AB78B}"
EndProject
Project("{9A19103F-16F7-4668-BE54-9A1E7A4F7556}") = "SKHelpers.Plugins.Spark", "src\Plugins\Data\Spark\SKHelpers.Plugins.Spark.csproj", "{17C7F852-3CFD-4BA5-94FC-D842DEF27B87}"
EndProject
Project("{9A19103F-16F7-4668-BE54-9A1E7A4F7556}") = "SKHelpers.Plugins.GraphSearch", "src\Plugins\Data\GraphSearch\SKHelpers.Plugins.GraphSearch.csproj", "{0F0013C0-DEC8-4DCB-B120-0D1F0289C543}"
EndProject
Project("{9A19103F-16F7-4668-BE54-9A1E7A4F7556}") = "SKHelpers.Plugins.VectorSearch", "src\Plugins\Data\VectorSearch\SKHelpers.Plugins.VectorSearch.csproj", "{5C3AD57D-BCC8-482A-9A86-2320B9A8C018}"
EndProject
Project("{9A19103F-16F7-4668-BE54-9A1E7A4F7556}") = "SKHelpers.Plugins.GraphQL", "src\Plugins\Data\GraphQL\SKHelpers.Plugins.GraphQL.csproj", "{F691FA90-94CD-4608-8376-90B7783BAADC}"
EndProject
Project("{2150E333-8FDC-42A3-9474-1A3956D46DE8}") = "Messaging", "Messaging", "{FE49E7C7-46BE-4FF2-B4D9-1C0F7B37C2A0}"
EndProject
Project("{9A19103F-16F7-4668-BE54-9A1E7A4F7556}") = "SKHelpers.Plugins.MediatR", "src\Plugins\Messaging\MediatR\SKHelpers.Plugins.MediatR.csproj", "{8FD90B7C-16C5-4647-9096-1E3FDD43125A}"
EndProject
Project("{9A19103F-16F7-4668-BE54-9A1E7A4F7556}") = "SKHelpers.Plugins.Dapr", "src\Plugins\Messaging\Dapr\SKHelpers.Plugins.Dapr.csproj", "{08F8E41E-84B6-4121-A1AE-30F61D4BA20B}"
EndProject
Project("{2150E333-8FDC-42A3-9474-1A3956D46DE8}") = "APIs", "APIs", "{B4A74D75-951F-4A04-823A-5E36ACA90412}"
EndProject
Project("{9A19103F-16F7-4668-BE54-9A1E7A4F7556}") = "SKHelpers.Plugins.GitHub", "src\Plugins\APIs\GitHub\SKHelpers.Plugins.GitHub.csproj", "{B827ADD4-F9F6-4EE8-B329-EB4FCE99F27E}"
EndProject
Project("{9A19103F-16F7-4668-BE54-9A1E7A4F7556}") = "SKHelpers.Plugins.Twitter", "src\Plugins\APIs\Twitter\SKHelpers.Plugins.Twitter.csproj", "{688D92DD-F783-42FC-9C2C-DB6C2EEA6E46}"
EndProject
Project("{9A19103F-16F7-4668-BE54-9A1E7A4F7556}") = "SKHelpers.Plugins.Maps", "src\Plugins\APIs\Maps\SKHelpers.Plugins.Maps.csproj", "{A1C652D3-408C-422C-AB7E-B9FCAC0FE03A}"
EndProject
Project("{9A19103F-16F7-4668-BE54-9A1E7A4F7556}") = "SKHelpers.Plugins.Twilio", "src\Plugins\APIs\Twilio\SKHelpers.Plugins.Twilio.csproj", "{258B935C-B5AB-4AF4-9F2B-61A1093BE17E}"
EndProject
Project("{9A19103F-16F7-4668-BE54-9A1E7A4F7556}") = "SKHelpers.Plugins.Common", "src\Plugins\APIs\Common\SKHelpers.Plugins.Common.csproj", "{DEB47953-F451-4949-B18E-E2ABD67F227F}"
EndProject
Project("{9A19103F-16F7-4668-BE54-9A1E7A4F7556}") = "SKHelpers.Plugins.SmartThings", "src\Plugins\APIs\SmartThings\SKHelpers.Plugins.SmartThings.csproj", "{6D6A5330-D077-4D13-8F39-E7A10FEFC1EF}"
EndProject
Project("{9A19103F-16F7-4668-BE54-9A1E7A4F7556}") = "SKHelpers.Plugins.IFTTT", "src\Plugins\APIs\IFTTT\SKHelpers.Plugins.IFTTT.csproj", "{B76DF361-803C-4C3B-BA99-A08252E97953}"
EndProject
Project("{FAE04EC0-301F-11D3-BF4B-00C04F79EFBC}") = "SKHelpers.FunctionFilters.Common", "src\FunctionFilters\Common\SKHelpers.FunctionFilters.Common.csproj", "{BDAE29CD-913D-45F1-8A4B-011AE18D1CC9}"
EndProject
Project("{FAE04EC0-301F-11D3-BF4B-00C04F79EFBC}") = "SKHelpers.Constraints", "src\Constraints\SKHelpers.Constraints.csproj", "{2B4AA946-0079-4FD3-828C-0A17F3A027DA}"
EndProject
Project("{FAE04EC0-301F-11D3-BF4B-00C04F79EFBC}") = "SKHelpers.Constraints.Tests", "tests\Constraints\SKHelpers.Constraints.Tests.csproj", "{FD31C2FC-902F-4459-ABA5-272CF1BA62C2}"
EndProject
Global
	GlobalSection(SolutionConfigurationPlatforms) = preSolution
		Debug|Any CPU = Debug|Any CPU
		Release|Any CPU = Release|Any CPU
	EndGlobalSection
	GlobalSection(ProjectConfigurationPlatforms) = postSolution
		{F5FE7DBC-6C40-4340-82EC-4172F07CAC38}.Debug|Any CPU.ActiveCfg = Debug|Any CPU
		{F5FE7DBC-6C40-4340-82EC-4172F07CAC38}.Debug|Any CPU.Build.0 = Debug|Any CPU
		{F5FE7DBC-6C40-4340-82EC-4172F07CAC38}.Release|Any CPU.ActiveCfg = Release|Any CPU
		{F5FE7DBC-6C40-4340-82EC-4172F07CAC38}.Release|Any CPU.Build.0 = Release|Any CPU
		{35025DE6-9A53-42EE-AC5D-58417663F838}.Debug|Any CPU.ActiveCfg = Debug|Any CPU
		{35025DE6-9A53-42EE-AC5D-58417663F838}.Debug|Any CPU.Build.0 = Debug|Any CPU
		{35025DE6-9A53-42EE-AC5D-58417663F838}.Release|Any CPU.ActiveCfg = Release|Any CPU
		{35025DE6-9A53-42EE-AC5D-58417663F838}.Release|Any CPU.Build.0 = Release|Any CPU
		{0381796A-8658-411B-9BC2-7CB4F3DCDDF3}.Debug|Any CPU.ActiveCfg = Debug|Any CPU
		{0381796A-8658-411B-9BC2-7CB4F3DCDDF3}.Debug|Any CPU.Build.0 = Debug|Any CPU
		{0381796A-8658-411B-9BC2-7CB4F3DCDDF3}.Release|Any CPU.ActiveCfg = Release|Any CPU
		{0381796A-8658-411B-9BC2-7CB4F3DCDDF3}.Release|Any CPU.Build.0 = Release|Any CPU
		{7E63D5CB-74C5-4D39-B80B-86F549D36DF3}.Debug|Any CPU.ActiveCfg = Debug|Any CPU
		{7E63D5CB-74C5-4D39-B80B-86F549D36DF3}.Debug|Any CPU.Build.0 = Debug|Any CPU
		{7E63D5CB-74C5-4D39-B80B-86F549D36DF3}.Release|Any CPU.ActiveCfg = Release|Any CPU
		{7E63D5CB-74C5-4D39-B80B-86F549D36DF3}.Release|Any CPU.Build.0 = Release|Any CPU
		{7A99BC93-1BE5-4EBD-8167-ACCDB45161E3}.Debug|Any CPU.ActiveCfg = Debug|Any CPU
		{7A99BC93-1BE5-4EBD-8167-ACCDB45161E3}.Debug|Any CPU.Build.0 = Debug|Any CPU
		{7A99BC93-1BE5-4EBD-8167-ACCDB45161E3}.Release|Any CPU.ActiveCfg = Release|Any CPU
		{7A99BC93-1BE5-4EBD-8167-ACCDB45161E3}.Release|Any CPU.Build.0 = Release|Any CPU
		{9F038F5C-19F1-48FF-AB34-1CDD8685CE7E}.Debug|Any CPU.ActiveCfg = Debug|Any CPU
		{9F038F5C-19F1-48FF-AB34-1CDD8685CE7E}.Debug|Any CPU.Build.0 = Debug|Any CPU
		{9F038F5C-19F1-48FF-AB34-1CDD8685CE7E}.Release|Any CPU.ActiveCfg = Release|Any CPU
		{9F038F5C-19F1-48FF-AB34-1CDD8685CE7E}.Release|Any CPU.Build.0 = Release|Any CPU
		{E9B8F21D-4982-4A1E-9115-B2BC0C6CBCF1}.Debug|Any CPU.ActiveCfg = Debug|Any CPU
		{E9B8F21D-4982-4A1E-9115-B2BC0C6CBCF1}.Debug|Any CPU.Build.0 = Debug|Any CPU
		{E9B8F21D-4982-4A1E-9115-B2BC0C6CBCF1}.Release|Any CPU.ActiveCfg = Release|Any CPU
		{E9B8F21D-4982-4A1E-9115-B2BC0C6CBCF1}.Release|Any CPU.Build.0 = Release|Any CPU
		{CD9CA173-75B6-4F2D-8D90-2ED2AB750553}.Debug|Any CPU.ActiveCfg = Debug|Any CPU
		{CD9CA173-75B6-4F2D-8D90-2ED2AB750553}.Debug|Any CPU.Build.0 = Debug|Any CPU
		{CD9CA173-75B6-4F2D-8D90-2ED2AB750553}.Release|Any CPU.ActiveCfg = Release|Any CPU
		{CD9CA173-75B6-4F2D-8D90-2ED2AB750553}.Release|Any CPU.Build.0 = Release|Any CPU
		{134667E5-A970-4521-85DC-86E2CA12C695}.Debug|Any CPU.ActiveCfg = Debug|Any CPU
		{134667E5-A970-4521-85DC-86E2CA12C695}.Debug|Any CPU.Build.0 = Debug|Any CPU
		{134667E5-A970-4521-85DC-86E2CA12C695}.Release|Any CPU.ActiveCfg = Release|Any CPU
		{134667E5-A970-4521-85DC-86E2CA12C695}.Release|Any CPU.Build.0 = Release|Any CPU
		{CE848819-CD82-467A-92EA-1F3A3C457C5F}.Debug|Any CPU.ActiveCfg = Debug|Any CPU
		{CE848819-CD82-467A-92EA-1F3A3C457C5F}.Debug|Any CPU.Build.0 = Debug|Any CPU
		{CE848819-CD82-467A-92EA-1F3A3C457C5F}.Release|Any CPU.ActiveCfg = Release|Any CPU
		{CE848819-CD82-467A-92EA-1F3A3C457C5F}.Release|Any CPU.Build.0 = Release|Any CPU
		{7FF6E855-2F27-46F4-8043-E77F2A7AB78B}.Debug|Any CPU.ActiveCfg = Debug|Any CPU
		{7FF6E855-2F27-46F4-8043-E77F2A7AB78B}.Debug|Any CPU.Build.0 = Debug|Any CPU
		{7FF6E855-2F27-46F4-8043-E77F2A7AB78B}.Release|Any CPU.ActiveCfg = Release|Any CPU
		{7FF6E855-2F27-46F4-8043-E77F2A7AB78B}.Release|Any CPU.Build.0 = Release|Any CPU
		{17C7F852-3CFD-4BA5-94FC-D842DEF27B87}.Debug|Any CPU.ActiveCfg = Debug|Any CPU
		{17C7F852-3CFD-4BA5-94FC-D842DEF27B87}.Debug|Any CPU.Build.0 = Debug|Any CPU
		{17C7F852-3CFD-4BA5-94FC-D842DEF27B87}.Release|Any CPU.ActiveCfg = Release|Any CPU
		{17C7F852-3CFD-4BA5-94FC-D842DEF27B87}.Release|Any CPU.Build.0 = Release|Any CPU
		{0F0013C0-DEC8-4DCB-B120-0D1F0289C543}.Debug|Any CPU.ActiveCfg = Debug|Any CPU
		{0F0013C0-DEC8-4DCB-B120-0D1F0289C543}.Debug|Any CPU.Build.0 = Debug|Any CPU
		{0F0013C0-DEC8-4DCB-B120-0D1F0289C543}.Release|Any CPU.ActiveCfg = Release|Any CPU
		{0F0013C0-DEC8-4DCB-B120-0D1F0289C543}.Release|Any CPU.Build.0 = Release|Any CPU
		{5C3AD57D-BCC8-482A-9A86-2320B9A8C018}.Debug|Any CPU.ActiveCfg = Debug|Any CPU
		{5C3AD57D-BCC8-482A-9A86-2320B9A8C018}.Debug|Any CPU.Build.0 = Debug|Any CPU
		{5C3AD57D-BCC8-482A-9A86-2320B9A8C018}.Release|Any CPU.ActiveCfg = Release|Any CPU
		{5C3AD57D-BCC8-482A-9A86-2320B9A8C018}.Release|Any CPU.Build.0 = Release|Any CPU
		{F691FA90-94CD-4608-8376-90B7783BAADC}.Debug|Any CPU.ActiveCfg = Debug|Any CPU
		{F691FA90-94CD-4608-8376-90B7783BAADC}.Debug|Any CPU.Build.0 = Debug|Any CPU
		{F691FA90-94CD-4608-8376-90B7783BAADC}.Release|Any CPU.ActiveCfg = Release|Any CPU
		{F691FA90-94CD-4608-8376-90B7783BAADC}.Release|Any CPU.Build.0 = Release|Any CPU
		{8FD90B7C-16C5-4647-9096-1E3FDD43125A}.Debug|Any CPU.ActiveCfg = Debug|Any CPU
		{8FD90B7C-16C5-4647-9096-1E3FDD43125A}.Debug|Any CPU.Build.0 = Debug|Any CPU
		{8FD90B7C-16C5-4647-9096-1E3FDD43125A}.Release|Any CPU.ActiveCfg = Release|Any CPU
		{8FD90B7C-16C5-4647-9096-1E3FDD43125A}.Release|Any CPU.Build.0 = Release|Any CPU
		{08F8E41E-84B6-4121-A1AE-30F61D4BA20B}.Debug|Any CPU.ActiveCfg = Debug|Any CPU
		{08F8E41E-84B6-4121-A1AE-30F61D4BA20B}.Debug|Any CPU.Build.0 = Debug|Any CPU
		{08F8E41E-84B6-4121-A1AE-30F61D4BA20B}.Release|Any CPU.ActiveCfg = Release|Any CPU
		{08F8E41E-84B6-4121-A1AE-30F61D4BA20B}.Release|Any CPU.Build.0 = Release|Any CPU
		{B827ADD4-F9F6-4EE8-B329-EB4FCE99F27E}.Debug|Any CPU.ActiveCfg = Debug|Any CPU
		{B827ADD4-F9F6-4EE8-B329-EB4FCE99F27E}.Debug|Any CPU.Build.0 = Debug|Any CPU
		{B827ADD4-F9F6-4EE8-B329-EB4FCE99F27E}.Release|Any CPU.ActiveCfg = Release|Any CPU
		{B827ADD4-F9F6-4EE8-B329-EB4FCE99F27E}.Release|Any CPU.Build.0 = Release|Any CPU
		{688D92DD-F783-42FC-9C2C-DB6C2EEA6E46}.Debug|Any CPU.ActiveCfg = Debug|Any CPU
		{688D92DD-F783-42FC-9C2C-DB6C2EEA6E46}.Debug|Any CPU.Build.0 = Debug|Any CPU
		{688D92DD-F783-42FC-9C2C-DB6C2EEA6E46}.Release|Any CPU.ActiveCfg = Release|Any CPU
		{688D92DD-F783-42FC-9C2C-DB6C2EEA6E46}.Release|Any CPU.Build.0 = Release|Any CPU
		{A1C652D3-408C-422C-AB7E-B9FCAC0FE03A}.Debug|Any CPU.ActiveCfg = Debug|Any CPU
		{A1C652D3-408C-422C-AB7E-B9FCAC0FE03A}.Debug|Any CPU.Build.0 = Debug|Any CPU
		{A1C652D3-408C-422C-AB7E-B9FCAC0FE03A}.Release|Any CPU.ActiveCfg = Release|Any CPU
		{A1C652D3-408C-422C-AB7E-B9FCAC0FE03A}.Release|Any CPU.Build.0 = Release|Any CPU
		{258B935C-B5AB-4AF4-9F2B-61A1093BE17E}.Debug|Any CPU.ActiveCfg = Debug|Any CPU
		{258B935C-B5AB-4AF4-9F2B-61A1093BE17E}.Debug|Any CPU.Build.0 = Debug|Any CPU
		{258B935C-B5AB-4AF4-9F2B-61A1093BE17E}.Release|Any CPU.ActiveCfg = Release|Any CPU
		{258B935C-B5AB-4AF4-9F2B-61A1093BE17E}.Release|Any CPU.Build.0 = Release|Any CPU
		{DEB47953-F451-4949-B18E-E2ABD67F227F}.Debug|Any CPU.ActiveCfg = Debug|Any CPU
		{DEB47953-F451-4949-B18E-E2ABD67F227F}.Debug|Any CPU.Build.0 = Debug|Any CPU
		{DEB47953-F451-4949-B18E-E2ABD67F227F}.Release|Any CPU.ActiveCfg = Release|Any CPU
		{DEB47953-F451-4949-B18E-E2ABD67F227F}.Release|Any CPU.Build.0 = Release|Any CPU
		{6D6A5330-D077-4D13-8F39-E7A10FEFC1EF}.Debug|Any CPU.ActiveCfg = Debug|Any CPU
		{6D6A5330-D077-4D13-8F39-E7A10FEFC1EF}.Debug|Any CPU.Build.0 = Debug|Any CPU
		{6D6A5330-D077-4D13-8F39-E7A10FEFC1EF}.Release|Any CPU.ActiveCfg = Release|Any CPU
		{6D6A5330-D077-4D13-8F39-E7A10FEFC1EF}.Release|Any CPU.Build.0 = Release|Any CPU
		{B76DF361-803C-4C3B-BA99-A08252E97953}.Debug|Any CPU.ActiveCfg = Debug|Any CPU
		{B76DF361-803C-4C3B-BA99-A08252E97953}.Debug|Any CPU.Build.0 = Debug|Any CPU
		{B76DF361-803C-4C3B-BA99-A08252E97953}.Release|Any CPU.ActiveCfg = Release|Any CPU
		{B76DF361-803C-4C3B-BA99-A08252E97953}.Release|Any CPU.Build.0 = Release|Any CPU
		{BDAE29CD-913D-45F1-8A4B-011AE18D1CC9}.Debug|Any CPU.ActiveCfg = Debug|Any CPU
		{BDAE29CD-913D-45F1-8A4B-011AE18D1CC9}.Debug|Any CPU.Build.0 = Debug|Any CPU
		{BDAE29CD-913D-45F1-8A4B-011AE18D1CC9}.Release|Any CPU.ActiveCfg = Release|Any CPU
		{BDAE29CD-913D-45F1-8A4B-011AE18D1CC9}.Release|Any CPU.Build.0 = Release|Any CPU
		{2B4AA946-0079-4FD3-828C-0A17F3A027DA}.Debug|Any CPU.ActiveCfg = Debug|Any CPU
		{2B4AA946-0079-4FD3-828C-0A17F3A027DA}.Debug|Any CPU.Build.0 = Debug|Any CPU
		{2B4AA946-0079-4FD3-828C-0A17F3A027DA}.Release|Any CPU.ActiveCfg = Release|Any CPU
		{2B4AA946-0079-4FD3-828C-0A17F3A027DA}.Release|Any CPU.Build.0 = Release|Any CPU
		{FD31C2FC-902F-4459-ABA5-272CF1BA62C2}.Debug|Any CPU.ActiveCfg = Debug|Any CPU
		{FD31C2FC-902F-4459-ABA5-272CF1BA62C2}.Debug|Any CPU.Build.0 = Debug|Any CPU
		{FD31C2FC-902F-4459-ABA5-272CF1BA62C2}.Release|Any CPU.ActiveCfg = Release|Any CPU
		{FD31C2FC-902F-4459-ABA5-272CF1BA62C2}.Release|Any CPU.Build.0 = Release|Any CPU
	EndGlobalSection
	GlobalSection(SolutionProperties) = preSolution
		HideSolutionNode = FALSE
	EndGlobalSection
	GlobalSection(NestedProjects) = preSolution
		{31EA3CDC-F2EE-4F45-BF6C-C23FE8F503B0} = {EF197265-89C6-4008-B5F4-1D1C839176DF}
		{F5FE7DBC-6C40-4340-82EC-4172F07CAC38} = {31EA3CDC-F2EE-4F45-BF6C-C23FE8F503B0}
		{BA4566AF-EEAE-49A5-BEB5-C69AC65DAE36} = {EF197265-89C6-4008-B5F4-1D1C839176DF}
		{E9228325-E11C-43A6-913B-601972D54937} = {BA4566AF-EEAE-49A5-BEB5-C69AC65DAE36}
		{35025DE6-9A53-42EE-AC5D-58417663F838} = {E9228325-E11C-43A6-913B-601972D54937}
		{0381796A-8658-411B-9BC2-7CB4F3DCDDF3} = {E9228325-E11C-43A6-913B-601972D54937}
		{7E63D5CB-74C5-4D39-B80B-86F549D36DF3} = {E9228325-E11C-43A6-913B-601972D54937}
		{7A99BC93-1BE5-4EBD-8167-ACCDB45161E3} = {E9228325-E11C-43A6-913B-601972D54937}
		{9F038F5C-19F1-48FF-AB34-1CDD8685CE7E} = {E9228325-E11C-43A6-913B-601972D54937}
		{E9B8F21D-4982-4A1E-9115-B2BC0C6CBCF1} = {E9228325-E11C-43A6-913B-601972D54937}
		{CD9CA173-75B6-4F2D-8D90-2ED2AB750553} = {E9228325-E11C-43A6-913B-601972D54937}
		{134667E5-A970-4521-85DC-86E2CA12C695} = {E9228325-E11C-43A6-913B-601972D54937}
		{CE848819-CD82-467A-92EA-1F3A3C457C5F} = {E9228325-E11C-43A6-913B-601972D54937}
		{0D465FC6-AAC4-4A3C-AC27-F0C9348D306B} = {BA4566AF-EEAE-49A5-BEB5-C69AC65DAE36}
		{7FF6E855-2F27-46F4-8043-E77F2A7AB78B} = {0D465FC6-AAC4-4A3C-AC27-F0C9348D306B}
		{17C7F852-3CFD-4BA5-94FC-D842DEF27B87} = {0D465FC6-AAC4-4A3C-AC27-F0C9348D306B}
		{0F0013C0-DEC8-4DCB-B120-0D1F0289C543} = {0D465FC6-AAC4-4A3C-AC27-F0C9348D306B}
		{5C3AD57D-BCC8-482A-9A86-2320B9A8C018} = {0D465FC6-AAC4-4A3C-AC27-F0C9348D306B}
		{F691FA90-94CD-4608-8376-90B7783BAADC} = {0D465FC6-AAC4-4A3C-AC27-F0C9348D306B}
		{FE49E7C7-46BE-4FF2-B4D9-1C0F7B37C2A0} = {BA4566AF-EEAE-49A5-BEB5-C69AC65DAE36}
		{8FD90B7C-16C5-4647-9096-1E3FDD43125A} = {FE49E7C7-46BE-4FF2-B4D9-1C0F7B37C2A0}
		{08F8E41E-84B6-4121-A1AE-30F61D4BA20B} = {FE49E7C7-46BE-4FF2-B4D9-1C0F7B37C2A0}
		{B4A74D75-951F-4A04-823A-5E36ACA90412} = {BA4566AF-EEAE-49A5-BEB5-C69AC65DAE36}
		{B827ADD4-F9F6-4EE8-B329-EB4FCE99F27E} = {B4A74D75-951F-4A04-823A-5E36ACA90412}
		{688D92DD-F783-42FC-9C2C-DB6C2EEA6E46} = {B4A74D75-951F-4A04-823A-5E36ACA90412}
		{A1C652D3-408C-422C-AB7E-B9FCAC0FE03A} = {B4A74D75-951F-4A04-823A-5E36ACA90412}
		{258B935C-B5AB-4AF4-9F2B-61A1093BE17E} = {B4A74D75-951F-4A04-823A-5E36ACA90412}
		{DEB47953-F451-4949-B18E-E2ABD67F227F} = {B4A74D75-951F-4A04-823A-5E36ACA90412}
		{6D6A5330-D077-4D13-8F39-E7A10FEFC1EF} = {B4A74D75-951F-4A04-823A-5E36ACA90412}
		{B76DF361-803C-4C3B-BA99-A08252E97953} = {B4A74D75-951F-4A04-823A-5E36ACA90412}
		{BDAE29CD-913D-45F1-8A4B-011AE18D1CC9} = {31EA3CDC-F2EE-4F45-BF6C-C23FE8F503B0}
		{2B4AA946-0079-4FD3-828C-0A17F3A027DA} = {EF197265-89C6-4008-B5F4-1D1C839176DF}
		{FD31C2FC-902F-4459-ABA5-272CF1BA62C2} = {EF197265-89C6-4008-B5F4-1D1C839176DF}
	EndGlobalSection
	GlobalSection(ExtensibilityGlobals) = postSolution
		SolutionGuid = {BE88D7C4-0C5A-4BA1-96D3-F76BA8C13461}
	EndGlobalSection
EndGlobal
