
Microsoft Visual Studio Solution File, Format Version 12.00
# Visual Studio Version 17
VisualStudioVersion = 17.5.002.0
MinimumVisualStudioVersion = 10.0.40219.1
Project("{2150E333-8FDC-42A3-9474-1A3956D46DE8}") = "src", "src", "{DA565143-4D22-4A7C-854C-4B24286E1EAC}"
EndProject
Project("{2150E333-8FDC-42A3-9474-1A3956D46DE8}") = "Plugins", "Plugins", "{2973CF33-4104-43C9-AEFB-061AA9BA4529}"
EndProject
Project("{2150E333-8FDC-42A3-9474-1A3956D46DE8}") = "Core", "Core", "{799686E2-3D29-4C8D-8F89-950E3096E156}"
EndProject
Project("{9A19103F-16F7-4668-BE54-9A1E7A4F7556}") = "SKHelpers.Plugins.Regex", "src\Plugins\Core\Regex\SKHelpers.Plugins.Regex.csproj", "{F987FEB6-D38C-4B82-99B8-46055D9DCDB4}"
EndProject
Project("{9A19103F-16F7-4668-BE54-9A1E7A4F7556}") = "SKHelpers.Plugins.FileProvider", "src\Plugins\Core\FileProvider\SKHelpers.Plugins.FileProvider.csproj", "{93E65335-106E-406D-B42B-AD6CFDA9B458}"
EndProject
Project("{9A19103F-16F7-4668-BE54-9A1E7A4F7556}") = "SKHelpers.Plugins.Cryptography", "src\Plugins\Core\Cryptography\SKHelpers.Plugins.Cryptography.csproj", "{C64F5307-8DCF-487A-A395-73168E8ABF32}"
EndProject
Project("{9A19103F-16F7-4668-BE54-9A1E7A4F7556}") = "SKHelpers.Plugins.Humanizer", "src\Plugins\Core\Humanizer\SKHelpers.Plugins.Humanizer.csproj", "{9F94A529-A792-413D-86DB-C9970289488E}"
EndProject
Project("{9A19103F-16F7-4668-BE54-9A1E7A4F7556}") = "SkHelpers.Plugins.RulesEngine", "src\Plugins\Core\RulesEngine\SkHelpers.Plugins.RulesEngine.csproj", "{B63CCE0A-3EE9-4817-AB8A-070A0B150BBE}"
EndProject
Project("{9A19103F-16F7-4668-BE54-9A1E7A4F7556}") = "SKHelpers.Plugins.Caching", "src\Plugins\Core\Caching\SKHelpers.Plugins.Caching.csproj", "{322DF8DC-4C4F-4360-80FE-8BF40CCBC7B2}"
EndProject
Project("{9A19103F-16F7-4668-BE54-9A1E7A4F7556}") = "SKHelpers.Plugins.StateMachine", "src\Plugins\Core\StateMachine\SKHelpers.Plugins.StateMachine.csproj", "{FCE10641-112E-45B7-AE4F-1DFC0F5E361C}"
EndProject
Project("{9A19103F-16F7-4668-BE54-9A1E7A4F7556}") = "SKHelpers.Plugins.Logging", "src\Plugins\Core\Logging\SKHelpers.Plugins.Logging.csproj", "{1A949DD3-71BB-476F-A5C6-914196DF93A0}"
EndProject
Project("{9A19103F-16F7-4668-BE54-9A1E7A4F7556}") = "SKHelpers.Plugins.CLI", "src\Plugins\Core\CLI\SKHelpers.Plugins.CLI.csproj", "{E71D41A8-C071-4BE6-BCD4-00F8F8D524EB}"
EndProject
Project("{2150E333-8FDC-42A3-9474-1A3956D46DE8}") = "Data", "Data", "{E3AC0A31-8DCF-4D01-9EE5-D403AA379971}"
EndProject
Project("{9A19103F-16F7-4668-BE54-9A1E7A4F7556}") = "SKHelpers.Plugins.EntityFrameworkCore", "src\Plugins\Data\EntityFrameworkCore\SKHelpers.Plugins.EntityFrameworkCore.csproj", "{C052022B-2A0E-4F03-8B87-F9CB6D7BBE45}"
EndProject
Project("{9A19103F-16F7-4668-BE54-9A1E7A4F7556}") = "SKHelpers.Plugins.Spark", "src\Plugins\Data\Spark\SKHelpers.Plugins.Spark.csproj", "{79BEA367-851B-4C28-973D-D5AFEFEEF43F}"
EndProject
Project("{9A19103F-16F7-4668-BE54-9A1E7A4F7556}") = "SKHelpers.Plugins.GraphSearch", "src\Plugins\Data\GraphSearch\SKHelpers.Plugins.GraphSearch.csproj", "{25F44937-2EEB-49F6-9966-F9078DC5F2E3}"
EndProject
Project("{9A19103F-16F7-4668-BE54-9A1E7A4F7556}") = "SKHelpers.Plugins.VectorSearch", "src\Plugins\Data\VectorSearch\SKHelpers.Plugins.VectorSearch.csproj", "{B8D2A081-7B39-43E6-93E8-578CE02CCD9B}"
EndProject
Project("{9A19103F-16F7-4668-BE54-9A1E7A4F7556}") = "SKHelpers.Plugins.GraphQL", "src\Plugins\Data\GraphQL\SKHelpers.Plugins.GraphQL.csproj", "{FCB77D05-ECD3-422F-AA38-DC941F43EF34}"
EndProject
Project("{2150E333-8FDC-42A3-9474-1A3956D46DE8}") = "Messaging", "Messaging", "{63A7BB72-2DD1-4DD5-941D-367F9840BCD3}"
EndProject
Project("{9A19103F-16F7-4668-BE54-9A1E7A4F7556}") = "SKHelpers.Plugins.MediatR", "src\Plugins\Messaging\MediatR\SKHelpers.Plugins.MediatR.csproj", "{8DA6FDA6-DDA0-4FA5-AEBD-C8362644F2F2}"
EndProject
Project("{9A19103F-16F7-4668-BE54-9A1E7A4F7556}") = "SKHelpers.Plugins.Dapr", "src\Plugins\Messaging\Dapr\SKHelpers.Plugins.Dapr.csproj", "{3D7555DB-68D5-4E3C-8E3F-80A460F10777}"
EndProject
Project("{2150E333-8FDC-42A3-9474-1A3956D46DE8}") = "APIs", "APIs", "{1847C9D1-7A96-4C78-BABE-630BAB9C265A}"
EndProject
Project("{9A19103F-16F7-4668-BE54-9A1E7A4F7556}") = "SKHelpers.Plugins.GitHub", "src\Plugins\APIs\GitHub\SKHelpers.Plugins.GitHub.csproj", "{8E14A032-2ACE-4B11-9302-D52A893F9755}"
EndProject
Project("{9A19103F-16F7-4668-BE54-9A1E7A4F7556}") = "SKHelpers.Plugins.Twilio", "src\Plugins\APIs\Twilio\SKHelpers.Plugins.Twilio.csproj", "{89812A95-7C9B-4FB3-AB4A-157E6A782C89}"
EndProject
Project("{9A19103F-16F7-4668-BE54-9A1E7A4F7556}") = "SKHelpers.Plugins.Common", "src\Plugins\APIs\Common\SKHelpers.Plugins.Common.csproj", "{64DD7A53-DF3F-4D09-8B4F-7AF719CDD479}"
EndProject
Project("{9A19103F-16F7-4668-BE54-9A1E7A4F7556}") = "SKHelpers.Plugins.SmartThings", "src\Plugins\APIs\SmartThings\SKHelpers.Plugins.SmartThings.csproj", "{3D2B4D5C-D87E-4646-8F36-81DD7E4E24EE}"
EndProject
Project("{9A19103F-16F7-4668-BE54-9A1E7A4F7556}") = "SKHelpers.Plugins.IFTTT", "src\Plugins\APIs\IFTTT\SKHelpers.Plugins.IFTTT.csproj", "{8874C9DD-6267-4519-A134-1DBC144F39DD}"
EndProject
Global
	GlobalSection(SolutionConfigurationPlatforms) = preSolution
		Debug|Any CPU = Debug|Any CPU
		Release|Any CPU = Release|Any CPU
	EndGlobalSection
	GlobalSection(ProjectConfigurationPlatforms) = postSolution
		{F987FEB6-D38C-4B82-99B8-46055D9DCDB4}.Debug|Any CPU.ActiveCfg = Debug|Any CPU
		{F987FEB6-D38C-4B82-99B8-46055D9DCDB4}.Debug|Any CPU.Build.0 = Debug|Any CPU
		{F987FEB6-D38C-4B82-99B8-46055D9DCDB4}.Release|Any CPU.ActiveCfg = Release|Any CPU
		{F987FEB6-D38C-4B82-99B8-46055D9DCDB4}.Release|Any CPU.Build.0 = Release|Any CPU
		{93E65335-106E-406D-B42B-AD6CFDA9B458}.Debug|Any CPU.ActiveCfg = Debug|Any CPU
		{93E65335-106E-406D-B42B-AD6CFDA9B458}.Debug|Any CPU.Build.0 = Debug|Any CPU
		{93E65335-106E-406D-B42B-AD6CFDA9B458}.Release|Any CPU.ActiveCfg = Release|Any CPU
		{93E65335-106E-406D-B42B-AD6CFDA9B458}.Release|Any CPU.Build.0 = Release|Any CPU
		{C64F5307-8DCF-487A-A395-73168E8ABF32}.Debug|Any CPU.ActiveCfg = Debug|Any CPU
		{C64F5307-8DCF-487A-A395-73168E8ABF32}.Debug|Any CPU.Build.0 = Debug|Any CPU
		{C64F5307-8DCF-487A-A395-73168E8ABF32}.Release|Any CPU.ActiveCfg = Release|Any CPU
		{C64F5307-8DCF-487A-A395-73168E8ABF32}.Release|Any CPU.Build.0 = Release|Any CPU
		{9F94A529-A792-413D-86DB-C9970289488E}.Debug|Any CPU.ActiveCfg = Debug|Any CPU
		{9F94A529-A792-413D-86DB-C9970289488E}.Debug|Any CPU.Build.0 = Debug|Any CPU
		{9F94A529-A792-413D-86DB-C9970289488E}.Release|Any CPU.ActiveCfg = Release|Any CPU
		{9F94A529-A792-413D-86DB-C9970289488E}.Release|Any CPU.Build.0 = Release|Any CPU
		{B63CCE0A-3EE9-4817-AB8A-070A0B150BBE}.Debug|Any CPU.ActiveCfg = Debug|Any CPU
		{B63CCE0A-3EE9-4817-AB8A-070A0B150BBE}.Debug|Any CPU.Build.0 = Debug|Any CPU
		{B63CCE0A-3EE9-4817-AB8A-070A0B150BBE}.Release|Any CPU.ActiveCfg = Release|Any CPU
		{B63CCE0A-3EE9-4817-AB8A-070A0B150BBE}.Release|Any CPU.Build.0 = Release|Any CPU
		{322DF8DC-4C4F-4360-80FE-8BF40CCBC7B2}.Debug|Any CPU.ActiveCfg = Debug|Any CPU
		{322DF8DC-4C4F-4360-80FE-8BF40CCBC7B2}.Debug|Any CPU.Build.0 = Debug|Any CPU
		{322DF8DC-4C4F-4360-80FE-8BF40CCBC7B2}.Release|Any CPU.ActiveCfg = Release|Any CPU
		{322DF8DC-4C4F-4360-80FE-8BF40CCBC7B2}.Release|Any CPU.Build.0 = Release|Any CPU
		{FCE10641-112E-45B7-AE4F-1DFC0F5E361C}.Debug|Any CPU.ActiveCfg = Debug|Any CPU
		{FCE10641-112E-45B7-AE4F-1DFC0F5E361C}.Debug|Any CPU.Build.0 = Debug|Any CPU
		{FCE10641-112E-45B7-AE4F-1DFC0F5E361C}.Release|Any CPU.ActiveCfg = Release|Any CPU
		{FCE10641-112E-45B7-AE4F-1DFC0F5E361C}.Release|Any CPU.Build.0 = Release|Any CPU
		{1A949DD3-71BB-476F-A5C6-914196DF93A0}.Debug|Any CPU.ActiveCfg = Debug|Any CPU
		{1A949DD3-71BB-476F-A5C6-914196DF93A0}.Debug|Any CPU.Build.0 = Debug|Any CPU
		{1A949DD3-71BB-476F-A5C6-914196DF93A0}.Release|Any CPU.ActiveCfg = Release|Any CPU
		{1A949DD3-71BB-476F-A5C6-914196DF93A0}.Release|Any CPU.Build.0 = Release|Any CPU
		{E71D41A8-C071-4BE6-BCD4-00F8F8D524EB}.Debug|Any CPU.ActiveCfg = Debug|Any CPU
		{E71D41A8-C071-4BE6-BCD4-00F8F8D524EB}.Debug|Any CPU.Build.0 = Debug|Any CPU
		{E71D41A8-C071-4BE6-BCD4-00F8F8D524EB}.Release|Any CPU.ActiveCfg = Release|Any CPU
		{E71D41A8-C071-4BE6-BCD4-00F8F8D524EB}.Release|Any CPU.Build.0 = Release|Any CPU
		{C052022B-2A0E-4F03-8B87-F9CB6D7BBE45}.Debug|Any CPU.ActiveCfg = Debug|Any CPU
		{C052022B-2A0E-4F03-8B87-F9CB6D7BBE45}.Debug|Any CPU.Build.0 = Debug|Any CPU
		{C052022B-2A0E-4F03-8B87-F9CB6D7BBE45}.Release|Any CPU.ActiveCfg = Release|Any CPU
		{C052022B-2A0E-4F03-8B87-F9CB6D7BBE45}.Release|Any CPU.Build.0 = Release|Any CPU
		{79BEA367-851B-4C28-973D-D5AFEFEEF43F}.Debug|Any CPU.ActiveCfg = Debug|Any CPU
		{79BEA367-851B-4C28-973D-D5AFEFEEF43F}.Debug|Any CPU.Build.0 = Debug|Any CPU
		{79BEA367-851B-4C28-973D-D5AFEFEEF43F}.Release|Any CPU.ActiveCfg = Release|Any CPU
		{79BEA367-851B-4C28-973D-D5AFEFEEF43F}.Release|Any CPU.Build.0 = Release|Any CPU
		{25F44937-2EEB-49F6-9966-F9078DC5F2E3}.Debug|Any CPU.ActiveCfg = Debug|Any CPU
		{25F44937-2EEB-49F6-9966-F9078DC5F2E3}.Debug|Any CPU.Build.0 = Debug|Any CPU
		{25F44937-2EEB-49F6-9966-F9078DC5F2E3}.Release|Any CPU.ActiveCfg = Release|Any CPU
		{25F44937-2EEB-49F6-9966-F9078DC5F2E3}.Release|Any CPU.Build.0 = Release|Any CPU
		{B8D2A081-7B39-43E6-93E8-578CE02CCD9B}.Debug|Any CPU.ActiveCfg = Debug|Any CPU
		{B8D2A081-7B39-43E6-93E8-578CE02CCD9B}.Debug|Any CPU.Build.0 = Debug|Any CPU
		{B8D2A081-7B39-43E6-93E8-578CE02CCD9B}.Release|Any CPU.ActiveCfg = Release|Any CPU
		{B8D2A081-7B39-43E6-93E8-578CE02CCD9B}.Release|Any CPU.Build.0 = Release|Any CPU
		{FCB77D05-ECD3-422F-AA38-DC941F43EF34}.Debug|Any CPU.ActiveCfg = Debug|Any CPU
		{FCB77D05-ECD3-422F-AA38-DC941F43EF34}.Debug|Any CPU.Build.0 = Debug|Any CPU
		{FCB77D05-ECD3-422F-AA38-DC941F43EF34}.Release|Any CPU.ActiveCfg = Release|Any CPU
		{FCB77D05-ECD3-422F-AA38-DC941F43EF34}.Release|Any CPU.Build.0 = Release|Any CPU
		{8DA6FDA6-DDA0-4FA5-AEBD-C8362644F2F2}.Debug|Any CPU.ActiveCfg = Debug|Any CPU
		{8DA6FDA6-DDA0-4FA5-AEBD-C8362644F2F2}.Debug|Any CPU.Build.0 = Debug|Any CPU
		{8DA6FDA6-DDA0-4FA5-AEBD-C8362644F2F2}.Release|Any CPU.ActiveCfg = Release|Any CPU
		{8DA6FDA6-DDA0-4FA5-AEBD-C8362644F2F2}.Release|Any CPU.Build.0 = Release|Any CPU
		{3D7555DB-68D5-4E3C-8E3F-80A460F10777}.Debug|Any CPU.ActiveCfg = Debug|Any CPU
		{3D7555DB-68D5-4E3C-8E3F-80A460F10777}.Debug|Any CPU.Build.0 = Debug|Any CPU
		{3D7555DB-68D5-4E3C-8E3F-80A460F10777}.Release|Any CPU.ActiveCfg = Release|Any CPU
		{3D7555DB-68D5-4E3C-8E3F-80A460F10777}.Release|Any CPU.Build.0 = Release|Any CPU
		{8E14A032-2ACE-4B11-9302-D52A893F9755}.Debug|Any CPU.ActiveCfg = Debug|Any CPU
		{8E14A032-2ACE-4B11-9302-D52A893F9755}.Debug|Any CPU.Build.0 = Debug|Any CPU
		{8E14A032-2ACE-4B11-9302-D52A893F9755}.Release|Any CPU.ActiveCfg = Release|Any CPU
		{8E14A032-2ACE-4B11-9302-D52A893F9755}.Release|Any CPU.Build.0 = Release|Any CPU
		{89812A95-7C9B-4FB3-AB4A-157E6A782C89}.Debug|Any CPU.ActiveCfg = Debug|Any CPU
		{89812A95-7C9B-4FB3-AB4A-157E6A782C89}.Debug|Any CPU.Build.0 = Debug|Any CPU
		{89812A95-7C9B-4FB3-AB4A-157E6A782C89}.Release|Any CPU.ActiveCfg = Release|Any CPU
		{89812A95-7C9B-4FB3-AB4A-157E6A782C89}.Release|Any CPU.Build.0 = Release|Any CPU
		{64DD7A53-DF3F-4D09-8B4F-7AF719CDD479}.Debug|Any CPU.ActiveCfg = Debug|Any CPU
		{64DD7A53-DF3F-4D09-8B4F-7AF719CDD479}.Debug|Any CPU.Build.0 = Debug|Any CPU
		{64DD7A53-DF3F-4D09-8B4F-7AF719CDD479}.Release|Any CPU.ActiveCfg = Release|Any CPU
		{64DD7A53-DF3F-4D09-8B4F-7AF719CDD479}.Release|Any CPU.Build.0 = Release|Any CPU
		{3D2B4D5C-D87E-4646-8F36-81DD7E4E24EE}.Debug|Any CPU.ActiveCfg = Debug|Any CPU
		{3D2B4D5C-D87E-4646-8F36-81DD7E4E24EE}.Debug|Any CPU.Build.0 = Debug|Any CPU
		{3D2B4D5C-D87E-4646-8F36-81DD7E4E24EE}.Release|Any CPU.ActiveCfg = Release|Any CPU
		{3D2B4D5C-D87E-4646-8F36-81DD7E4E24EE}.Release|Any CPU.Build.0 = Release|Any CPU
		{8874C9DD-6267-4519-A134-1DBC144F39DD}.Debug|Any CPU.ActiveCfg = Debug|Any CPU
		{8874C9DD-6267-4519-A134-1DBC144F39DD}.Debug|Any CPU.Build.0 = Debug|Any CPU
		{8874C9DD-6267-4519-A134-1DBC144F39DD}.Release|Any CPU.ActiveCfg = Release|Any CPU
		{8874C9DD-6267-4519-A134-1DBC144F39DD}.Release|Any CPU.Build.0 = Release|Any CPU
	EndGlobalSection
	GlobalSection(SolutionProperties) = preSolution
		HideSolutionNode = FALSE
	EndGlobalSection
	GlobalSection(NestedProjects) = preSolution
		{2973CF33-4104-43C9-AEFB-061AA9BA4529} = {DA565143-4D22-4A7C-854C-4B24286E1EAC}
		{799686E2-3D29-4C8D-8F89-950E3096E156} = {2973CF33-4104-43C9-AEFB-061AA9BA4529}
		{F987FEB6-D38C-4B82-99B8-46055D9DCDB4} = {799686E2-3D29-4C8D-8F89-950E3096E156}
		{93E65335-106E-406D-B42B-AD6CFDA9B458} = {799686E2-3D29-4C8D-8F89-950E3096E156}
		{C64F5307-8DCF-487A-A395-73168E8ABF32} = {799686E2-3D29-4C8D-8F89-950E3096E156}
		{9F94A529-A792-413D-86DB-C9970289488E} = {799686E2-3D29-4C8D-8F89-950E3096E156}
		{B63CCE0A-3EE9-4817-AB8A-070A0B150BBE} = {799686E2-3D29-4C8D-8F89-950E3096E156}
		{322DF8DC-4C4F-4360-80FE-8BF40CCBC7B2} = {799686E2-3D29-4C8D-8F89-950E3096E156}
		{FCE10641-112E-45B7-AE4F-1DFC0F5E361C} = {799686E2-3D29-4C8D-8F89-950E3096E156}
		{1A949DD3-71BB-476F-A5C6-914196DF93A0} = {799686E2-3D29-4C8D-8F89-950E3096E156}
		{E71D41A8-C071-4BE6-BCD4-00F8F8D524EB} = {799686E2-3D29-4C8D-8F89-950E3096E156}
		{E3AC0A31-8DCF-4D01-9EE5-D403AA379971} = {2973CF33-4104-43C9-AEFB-061AA9BA4529}
		{C052022B-2A0E-4F03-8B87-F9CB6D7BBE45} = {E3AC0A31-8DCF-4D01-9EE5-D403AA379971}
		{79BEA367-851B-4C28-973D-D5AFEFEEF43F} = {E3AC0A31-8DCF-4D01-9EE5-D403AA379971}
		{25F44937-2EEB-49F6-9966-F9078DC5F2E3} = {E3AC0A31-8DCF-4D01-9EE5-D403AA379971}
		{B8D2A081-7B39-43E6-93E8-578CE02CCD9B} = {E3AC0A31-8DCF-4D01-9EE5-D403AA379971}
		{FCB77D05-ECD3-422F-AA38-DC941F43EF34} = {E3AC0A31-8DCF-4D01-9EE5-D403AA379971}
		{63A7BB72-2DD1-4DD5-941D-367F9840BCD3} = {2973CF33-4104-43C9-AEFB-061AA9BA4529}
		{8DA6FDA6-DDA0-4FA5-AEBD-C8362644F2F2} = {63A7BB72-2DD1-4DD5-941D-367F9840BCD3}
		{3D7555DB-68D5-4E3C-8E3F-80A460F10777} = {63A7BB72-2DD1-4DD5-941D-367F9840BCD3}
		{1847C9D1-7A96-4C78-BABE-630BAB9C265A} = {2973CF33-4104-43C9-AEFB-061AA9BA4529}
		{8E14A032-2ACE-4B11-9302-D52A893F9755} = {1847C9D1-7A96-4C78-BABE-630BAB9C265A}
		{89812A95-7C9B-4FB3-AB4A-157E6A782C89} = {1847C9D1-7A96-4C78-BABE-630BAB9C265A}
		{64DD7A53-DF3F-4D09-8B4F-7AF719CDD479} = {1847C9D1-7A96-4C78-BABE-630BAB9C265A}
		{3D2B4D5C-D87E-4646-8F36-81DD7E4E24EE} = {1847C9D1-7A96-4C78-BABE-630BAB9C265A}
		{8874C9DD-6267-4519-A134-1DBC144F39DD} = {1847C9D1-7A96-4C78-BABE-630BAB9C265A}
	EndGlobalSection
	GlobalSection(ExtensibilityGlobals) = postSolution
		SolutionGuid = {95F05819-8AEE-4C2F-B620-5FCA4B837DA5}
	EndGlobalSection
EndGlobal
