
Microsoft Visual Studio Solution File, Format Version 12.00
# Visual Studio Version 17
VisualStudioVersion = 17.5.002.0
MinimumVisualStudioVersion = 10.0.40219.1
Project("{2150E333-8FDC-42A3-9474-1A3956D46DE8}") = "src", "src", "{7B8E28B9-FA5B-4353-B976-8C00776F6D07}"
EndProject
Project("{2150E333-8FDC-42A3-9474-1A3956D46DE8}") = "Plugins", "Plugins", "{7D688C99-1CB0-42A3-9D47-8163730C2FB0}"
EndProject
Project("{9A19103F-16F7-4668-BE54-9A1E7A4F7556}") = "FileProvider", "src\Plugins\FileProvider\SKHelpers.Plugins.FileProvider.csproj", "{BDF33FC0-AE0B-467A-899F-73F7AD8EFE86}"
EndProject
Project("{FAE04EC0-301F-11D3-BF4B-00C04F79EFBC}") = "SKHelpers.Plugins.Caching", "src\Plugins\Caching\SKHelpers.Plugins.Caching.csproj", "{B8FEAA70-E8AF-4984-A845-CC7A65F53E7F}"
EndProject
Project("{FAE04EC0-301F-11D3-BF4B-00C04F79EFBC}") = "SKHelpers.Plugins.EntityFrameworkCore", "src\Plugins\EntityFrameworkCore\SKHelpers.Plugins.EntityFrameworkCore.csproj", "{B5D5126C-1931-4F59-8390-080B7D77EC1A}"
EndProject
Project("{FAE04EC0-301F-11D3-BF4B-00C04F79EFBC}") = "SKHelpers.Plugins.Dapr", "src\Plugins\Dapr\SKHelpers.Plugins.Dapr.csproj", "{77B669DD-7D18-44BD-B9E3-415318A8629D}"
EndProject
Project("{FAE04EC0-301F-11D3-BF4B-00C04F79EFBC}") = "SKHelpers.Plugins.CLI", "src\Plugins\CLI\SKHelpers.Plugins.CLI.csproj", "{EABB3EBD-83E2-42A9-9D60-9E54ADC8C9F2}"
EndProject
Project("{FAE04EC0-301F-11D3-BF4B-00C04F79EFBC}") = "SKHelpers.Plugins.GraphQL", "src\Plugins\GraphQL\SKHelpers.Plugins.GraphQL.csproj", "{4A9A3A4B-4250-41AE-ABA9-9A358B2C8AC7}"
EndProject
Project("{FAE04EC0-301F-11D3-BF4B-00C04F79EFBC}") = "SKHelpers.Plugins.GraphSearch", "src\Plugins\GraphSearch\SKHelpers.Plugins.GraphSearch.csproj", "{44D4668C-ADBD-47DB-A5C3-DAC938B39DA7}"
EndProject
Project("{FAE04EC0-301F-11D3-BF4B-00C04F79EFBC}") = "SKHelpers.Plugins.Logging", "src\Plugins\Logging\SKHelpers.Plugins.Logging.csproj", "{7A568113-D754-4E55-8E1C-1AF35076D4ED}"
EndProject
Project("{FAE04EC0-301F-11D3-BF4B-00C04F79EFBC}") = "SkHelpers.Plugins.RulesEngine", "src\Plugins\RulesEngine\SkHelpers.Plugins.RulesEngine.csproj", "{235A3EA2-586B-4A27-9C0B-AB86FBF56D6E}"
EndProject
Project("{FAE04EC0-301F-11D3-BF4B-00C04F79EFBC}") = "SKHelpers.Plugins.StateMachine", "src\Plugins\StateMachine\SKHelpers.Plugins.StateMachine.csproj", "{296135F4-3E51-4ABD-A354-BB780F7E050F}"
EndProject
Project("{FAE04EC0-301F-11D3-BF4B-00C04F79EFBC}") = "SKHelpers.Plugins.VectorSearch", "src\Plugins\VectorSearch\SKHelpers.Plugins.VectorSearch.csproj", "{1F26AAC6-35B8-4798-8167-0F90D217D34C}"
EndProject
Project("{FAE04EC0-301F-11D3-BF4B-00C04F79EFBC}") = "SKHelpers.Plugins.Spark", "src\Plugins\Spark\SKHelpers.Plugins.Spark.csproj", "{768D8E05-4A9B-4AA9-ABF6-8F978D94F9FF}"
EndProject
Project("{FAE04EC0-301F-11D3-BF4B-00C04F79EFBC}") = "SKHelpers.Plugins.Regex", "src\Plugins\Regex\SKHelpers.Plugins.Regex.csproj", "{D58911C8-9729-4503-96D2-AAF30881D072}"
EndProject
Project("{FAE04EC0-301F-11D3-BF4B-00C04F79EFBC}") = "SKHelpers.Plugins.Cryptography", "src\Plugins\Cryptography\SKHelpers.Plugins.Cryptography.csproj", "{665D4D55-8B18-42E6-A95B-4B87ECB3E77C}"
EndProject
Project("{FAE04EC0-301F-11D3-BF4B-00C04F79EFBC}") = "SKHelpers.Plugins.Humanizer", "src\Plugins\Humanizer\SKHelpers.Plugins.Humanizer.csproj", "{CD11FBC1-2519-4351-9350-711B93A514F8}"
EndProject
Global
	GlobalSection(SolutionConfigurationPlatforms) = preSolution
		Debug|Any CPU = Debug|Any CPU
		Release|Any CPU = Release|Any CPU
	EndGlobalSection
	GlobalSection(ProjectConfigurationPlatforms) = postSolution
		{BDF33FC0-AE0B-467A-899F-73F7AD8EFE86}.Debug|Any CPU.ActiveCfg = Debug|Any CPU
		{BDF33FC0-AE0B-467A-899F-73F7AD8EFE86}.Debug|Any CPU.Build.0 = Debug|Any CPU
		{BDF33FC0-AE0B-467A-899F-73F7AD8EFE86}.Release|Any CPU.ActiveCfg = Release|Any CPU
		{BDF33FC0-AE0B-467A-899F-73F7AD8EFE86}.Release|Any CPU.Build.0 = Release|Any CPU
		{B8FEAA70-E8AF-4984-A845-CC7A65F53E7F}.Debug|Any CPU.ActiveCfg = Debug|Any CPU
		{B8FEAA70-E8AF-4984-A845-CC7A65F53E7F}.Debug|Any CPU.Build.0 = Debug|Any CPU
		{B8FEAA70-E8AF-4984-A845-CC7A65F53E7F}.Release|Any CPU.ActiveCfg = Release|Any CPU
		{B8FEAA70-E8AF-4984-A845-CC7A65F53E7F}.Release|Any CPU.Build.0 = Release|Any CPU
		{B5D5126C-1931-4F59-8390-080B7D77EC1A}.Debug|Any CPU.ActiveCfg = Debug|Any CPU
		{B5D5126C-1931-4F59-8390-080B7D77EC1A}.Debug|Any CPU.Build.0 = Debug|Any CPU
		{B5D5126C-1931-4F59-8390-080B7D77EC1A}.Release|Any CPU.ActiveCfg = Release|Any CPU
		{B5D5126C-1931-4F59-8390-080B7D77EC1A}.Release|Any CPU.Build.0 = Release|Any CPU
		{77B669DD-7D18-44BD-B9E3-415318A8629D}.Debug|Any CPU.ActiveCfg = Debug|Any CPU
		{77B669DD-7D18-44BD-B9E3-415318A8629D}.Debug|Any CPU.Build.0 = Debug|Any CPU
		{77B669DD-7D18-44BD-B9E3-415318A8629D}.Release|Any CPU.ActiveCfg = Release|Any CPU
		{77B669DD-7D18-44BD-B9E3-415318A8629D}.Release|Any CPU.Build.0 = Release|Any CPU
		{EABB3EBD-83E2-42A9-9D60-9E54ADC8C9F2}.Debug|Any CPU.ActiveCfg = Debug|Any CPU
		{EABB3EBD-83E2-42A9-9D60-9E54ADC8C9F2}.Debug|Any CPU.Build.0 = Debug|Any CPU
		{EABB3EBD-83E2-42A9-9D60-9E54ADC8C9F2}.Release|Any CPU.ActiveCfg = Release|Any CPU
		{EABB3EBD-83E2-42A9-9D60-9E54ADC8C9F2}.Release|Any CPU.Build.0 = Release|Any CPU
		{4A9A3A4B-4250-41AE-ABA9-9A358B2C8AC7}.Debug|Any CPU.ActiveCfg = Debug|Any CPU
		{4A9A3A4B-4250-41AE-ABA9-9A358B2C8AC7}.Debug|Any CPU.Build.0 = Debug|Any CPU
		{4A9A3A4B-4250-41AE-ABA9-9A358B2C8AC7}.Release|Any CPU.ActiveCfg = Release|Any CPU
		{4A9A3A4B-4250-41AE-ABA9-9A358B2C8AC7}.Release|Any CPU.Build.0 = Release|Any CPU
		{44D4668C-ADBD-47DB-A5C3-DAC938B39DA7}.Debug|Any CPU.ActiveCfg = Debug|Any CPU
		{44D4668C-ADBD-47DB-A5C3-DAC938B39DA7}.Debug|Any CPU.Build.0 = Debug|Any CPU
		{44D4668C-ADBD-47DB-A5C3-DAC938B39DA7}.Release|Any CPU.ActiveCfg = Release|Any CPU
		{44D4668C-ADBD-47DB-A5C3-DAC938B39DA7}.Release|Any CPU.Build.0 = Release|Any CPU
		{7A568113-D754-4E55-8E1C-1AF35076D4ED}.Debug|Any CPU.ActiveCfg = Debug|Any CPU
		{7A568113-D754-4E55-8E1C-1AF35076D4ED}.Debug|Any CPU.Build.0 = Debug|Any CPU
		{7A568113-D754-4E55-8E1C-1AF35076D4ED}.Release|Any CPU.ActiveCfg = Release|Any CPU
		{7A568113-D754-4E55-8E1C-1AF35076D4ED}.Release|Any CPU.Build.0 = Release|Any CPU
		{235A3EA2-586B-4A27-9C0B-AB86FBF56D6E}.Debug|Any CPU.ActiveCfg = Debug|Any CPU
		{235A3EA2-586B-4A27-9C0B-AB86FBF56D6E}.Debug|Any CPU.Build.0 = Debug|Any CPU
		{235A3EA2-586B-4A27-9C0B-AB86FBF56D6E}.Release|Any CPU.ActiveCfg = Release|Any CPU
		{235A3EA2-586B-4A27-9C0B-AB86FBF56D6E}.Release|Any CPU.Build.0 = Release|Any CPU
		{296135F4-3E51-4ABD-A354-BB780F7E050F}.Debug|Any CPU.ActiveCfg = Debug|Any CPU
		{296135F4-3E51-4ABD-A354-BB780F7E050F}.Debug|Any CPU.Build.0 = Debug|Any CPU
		{296135F4-3E51-4ABD-A354-BB780F7E050F}.Release|Any CPU.ActiveCfg = Release|Any CPU
		{296135F4-3E51-4ABD-A354-BB780F7E050F}.Release|Any CPU.Build.0 = Release|Any CPU
		{1F26AAC6-35B8-4798-8167-0F90D217D34C}.Debug|Any CPU.ActiveCfg = Debug|Any CPU
		{1F26AAC6-35B8-4798-8167-0F90D217D34C}.Debug|Any CPU.Build.0 = Debug|Any CPU
		{1F26AAC6-35B8-4798-8167-0F90D217D34C}.Release|Any CPU.ActiveCfg = Release|Any CPU
		{1F26AAC6-35B8-4798-8167-0F90D217D34C}.Release|Any CPU.Build.0 = Release|Any CPU
		{768D8E05-4A9B-4AA9-ABF6-8F978D94F9FF}.Debug|Any CPU.ActiveCfg = Debug|Any CPU
		{768D8E05-4A9B-4AA9-ABF6-8F978D94F9FF}.Debug|Any CPU.Build.0 = Debug|Any CPU
		{768D8E05-4A9B-4AA9-ABF6-8F978D94F9FF}.Release|Any CPU.ActiveCfg = Release|Any CPU
		{768D8E05-4A9B-4AA9-ABF6-8F978D94F9FF}.Release|Any CPU.Build.0 = Release|Any CPU
		{D58911C8-9729-4503-96D2-AAF30881D072}.Debug|Any CPU.ActiveCfg = Debug|Any CPU
		{D58911C8-9729-4503-96D2-AAF30881D072}.Debug|Any CPU.Build.0 = Debug|Any CPU
		{D58911C8-9729-4503-96D2-AAF30881D072}.Release|Any CPU.ActiveCfg = Release|Any CPU
		{D58911C8-9729-4503-96D2-AAF30881D072}.Release|Any CPU.Build.0 = Release|Any CPU
		{665D4D55-8B18-42E6-A95B-4B87ECB3E77C}.Debug|Any CPU.ActiveCfg = Debug|Any CPU
		{665D4D55-8B18-42E6-A95B-4B87ECB3E77C}.Debug|Any CPU.Build.0 = Debug|Any CPU
		{665D4D55-8B18-42E6-A95B-4B87ECB3E77C}.Release|Any CPU.ActiveCfg = Release|Any CPU
		{665D4D55-8B18-42E6-A95B-4B87ECB3E77C}.Release|Any CPU.Build.0 = Release|Any CPU
		{CD11FBC1-2519-4351-9350-711B93A514F8}.Debug|Any CPU.ActiveCfg = Debug|Any CPU
		{CD11FBC1-2519-4351-9350-711B93A514F8}.Debug|Any CPU.Build.0 = Debug|Any CPU
		{CD11FBC1-2519-4351-9350-711B93A514F8}.Release|Any CPU.ActiveCfg = Release|Any CPU
		{CD11FBC1-2519-4351-9350-711B93A514F8}.Release|Any CPU.Build.0 = Release|Any CPU
	EndGlobalSection
	GlobalSection(SolutionProperties) = preSolution
		HideSolutionNode = FALSE
	EndGlobalSection
	GlobalSection(NestedProjects) = preSolution
		{7D688C99-1CB0-42A3-9D47-8163730C2FB0} = {7B8E28B9-FA5B-4353-B976-8C00776F6D07}
		{BDF33FC0-AE0B-467A-899F-73F7AD8EFE86} = {7D688C99-1CB0-42A3-9D47-8163730C2FB0}
		{B8FEAA70-E8AF-4984-A845-CC7A65F53E7F} = {7D688C99-1CB0-42A3-9D47-8163730C2FB0}
		{B5D5126C-1931-4F59-8390-080B7D77EC1A} = {7D688C99-1CB0-42A3-9D47-8163730C2FB0}
		{77B669DD-7D18-44BD-B9E3-415318A8629D} = {7D688C99-1CB0-42A3-9D47-8163730C2FB0}
		{EABB3EBD-83E2-42A9-9D60-9E54ADC8C9F2} = {7D688C99-1CB0-42A3-9D47-8163730C2FB0}
		{4A9A3A4B-4250-41AE-ABA9-9A358B2C8AC7} = {7D688C99-1CB0-42A3-9D47-8163730C2FB0}
		{44D4668C-ADBD-47DB-A5C3-DAC938B39DA7} = {7D688C99-1CB0-42A3-9D47-8163730C2FB0}
		{7A568113-D754-4E55-8E1C-1AF35076D4ED} = {7D688C99-1CB0-42A3-9D47-8163730C2FB0}
		{235A3EA2-586B-4A27-9C0B-AB86FBF56D6E} = {7D688C99-1CB0-42A3-9D47-8163730C2FB0}
		{296135F4-3E51-4ABD-A354-BB780F7E050F} = {7D688C99-1CB0-42A3-9D47-8163730C2FB0}
		{1F26AAC6-35B8-4798-8167-0F90D217D34C} = {7D688C99-1CB0-42A3-9D47-8163730C2FB0}
		{768D8E05-4A9B-4AA9-ABF6-8F978D94F9FF} = {7D688C99-1CB0-42A3-9D47-8163730C2FB0}
		{D58911C8-9729-4503-96D2-AAF30881D072} = {7D688C99-1CB0-42A3-9D47-8163730C2FB0}
		{665D4D55-8B18-42E6-A95B-4B87ECB3E77C} = {7D688C99-1CB0-42A3-9D47-8163730C2FB0}
		{CD11FBC1-2519-4351-9350-711B93A514F8} = {7D688C99-1CB0-42A3-9D47-8163730C2FB0}
	EndGlobalSection
	GlobalSection(ExtensibilityGlobals) = postSolution
		SolutionGuid = {6B4EF6B0-EDB2-4462-9441-EB8202C3CAEE}
	EndGlobalSection
EndGlobal
